
Microsoft Visual Studio Solution File, Format Version 11.00
# Visual Studio 2010
Project("{FAE04EC0-301F-11D3-BF4B-00C04F79EFBC}") = "MasterOfCentauri", "MasterOfCentauri\MasterOfCentauri\MasterOfCentauri.csproj", "{7136DA28-94BB-4DFF-96E8-229E884BF736}"
EndProject
Project("{FAE04EC0-301F-11D3-BF4B-00C04F79EFBC}") = "MasterOfCentauriContent", "MasterOfCentauri\MasterOfCentauriContent\MasterOfCentauriContent.contentproj", "{5D8FE255-7ED7-4BEF-8917-00D271660573}"
EndProject
Project("{FAE04EC0-301F-11D3-BF4B-00C04F79EFBC}") = "NeoforceTheme", "UI Themes\Neoforce\NeoforceTheme.contentproj", "{7041C4A8-2FA1-4AC1-9368-5ACE11397EA3}"
EndProject
Global
	GlobalSection(SolutionConfigurationPlatforms) = preSolution
		Debug|Any CPU = Debug|Any CPU
		Debug|x86 = Debug|x86
		Release|Any CPU = Release|Any CPU
		Release|x86 = Release|x86
	EndGlobalSection
	GlobalSection(ProjectConfigurationPlatforms) = postSolution
		{7136DA28-94BB-4DFF-96E8-229E884BF736}.Debug|Any CPU.ActiveCfg = Debug|x86
		{7136DA28-94BB-4DFF-96E8-229E884BF736}.Debug|Any CPU.Build.0 = Debug|x86
		{7136DA28-94BB-4DFF-96E8-229E884BF736}.Debug|x86.ActiveCfg = Debug|x86
		{7136DA28-94BB-4DFF-96E8-229E884BF736}.Debug|x86.Build.0 = Debug|x86
		{7136DA28-94BB-4DFF-96E8-229E884BF736}.Release|Any CPU.ActiveCfg = Release|x86
		{7136DA28-94BB-4DFF-96E8-229E884BF736}.Release|x86.ActiveCfg = Release|x86
		{7136DA28-94BB-4DFF-96E8-229E884BF736}.Release|x86.Build.0 = Release|x86
		{5D8FE255-7ED7-4BEF-8917-00D271660573}.Debug|Any CPU.ActiveCfg = Debug|x86
		{5D8FE255-7ED7-4BEF-8917-00D271660573}.Debug|x86.ActiveCfg = Debug|x86
		{5D8FE255-7ED7-4BEF-8917-00D271660573}.Release|Any CPU.ActiveCfg = Release|x86
		{5D8FE255-7ED7-4BEF-8917-00D271660573}.Release|x86.ActiveCfg = Release|x86
		{7041C4A8-2FA1-4AC1-9368-5ACE11397EA3}.Debug|Any CPU.ActiveCfg = Debug|Any CPU
		{7041C4A8-2FA1-4AC1-9368-5ACE11397EA3}.Debug|x86.ActiveCfg = Debug|Any CPU
		{7041C4A8-2FA1-4AC1-9368-5ACE11397EA3}.Release|Any CPU.ActiveCfg = Debug|Any CPU
		{7041C4A8-2FA1-4AC1-9368-5ACE11397EA3}.Release|x86.ActiveCfg = Debug|Any CPU
	EndGlobalSection
	GlobalSection(SolutionProperties) = preSolution
		HideSolutionNode = FALSE
	EndGlobalSection
EndGlobal
